{
  "version": 4,
  "terraform_version": "1.12.2",
  "serial": 123,
  "lineage": "9d0d8e4b-60a5-4069-e456-35bf25ce373e",
  "outputs": {
    "access_instructions": {
      "value": "Access via EC2: http://57.180.82.161",
      "type": "string"
    },
    "alb_enabled": {
      "value": false,
      "type": "bool"
    },
    "application_url": {
      "value": "http://57.180.82.161",
      "type": "string"
    },
    "documentai_processor_id": {
      "value": "88e298617b1abfea",
      "type": "string"
    },
    "documentai_processor_name": {
      "value": "projects/577010681495/locations/us/processors/88e298617b1abfea",
      "type": "string"
    },
    "ec2_instance_id": {
      "value": "i-04a7fc17f1f074bb7",
      "type": "string"
    },
    "ec2_public_ip": {
      "value": "57.180.82.161",
      "type": "string"
    },
    "gcp_project_id": {
      "value": "577010681495",
      "type": "string"
    },
    "grafana_url": {
      "value": "http://57.180.82.161/grafana/",
      "type": "string"
    },
    "hybrid_ocr_enabled": {
      "value": true,
      "type": "bool"
    },
    "monthly_cost_estimate": {
      "value": "EC2 t3.micro (160h/month): ~$3-4\r\nRDS db.t3.micro: ~$12-15\r\nEBS 30GB: ~$3\r\nData Transfer: ~$1-2\r\nGCP Document AI: ~$1.50/1000 pages (pay-as-you-go)\r\nTotal AWS: ~$19-24/month\r\nTotal with GCP: ~$20-30/month (depending on usage)\r\n\r\nNote: Cost assumes ~160 hours/month runtime with scheduler\r\nFull month without scheduler: ~$30-35\r\nGCP Document AI: First 1000 pages/month free, then $1.50/1000 pages\r\n",
      "type": "string"
    },
    "ocr_configuration": {
      "value": {
        "aws_textract": {
          "enabled": true,
          "region": "ap-northeast-1"
        },
        "confidence_threshold": 85,
        "default_engine": "textract",
        "fallback_engine": "documentai",
        "gcp_documentai": {
          "enabled": true,
          "location": "us",
          "processor_id": "88e298617b1abfea",
          "project_id": "577010681495"
        },
        "hybrid_mode": true
      },
      "type": [
        "object",
        {
          "aws_textract": [
            "object",
            {
              "enabled": "bool",
              "region": "string"
            }
          ],
          "confidence_threshold": "number",
          "default_engine": "string",
          "fallback_engine": "string",
          "gcp_documentai": [
            "object",
            {
              "enabled": "bool",
              "location": "string",
              "processor_id": "string",
              "project_id": "string"
            }
          ],
          "hybrid_mode": "bool"
        }
      ]
    },
    "rds_endpoint": {
      "value": "poc-production-db.cq2xwbsd3tni.ap-northeast-1.rds.amazonaws.com",
      "type": "string",
      "sensitive": true
    },
    "rds_instance_id": {
      "value": "db-TXHOXTXEH3DXJCGZ2IIXXSPITI",
      "type": "string"
    },
    "scheduler_start_time": {
      "value": "cron(0 0 ? * MON-FRI *)",
      "type": "string"
    },
    "scheduler_stop_time": {
      "value": "cron(0 10 ? * MON-FRI *)",
      "type": "string"
    },
    "ssh_command": {
      "value": "ssh -i ~/.ssh/production-management-key.pem ec2-user@57.180.82.161",
      "type": "string"
    },
    "ssl_enabled": {
      "value": false,
      "type": "bool"
    },
    "vpc_id": {
      "value": "vpc-0185be77ca9ee1f15",
      "type": "string"
    }
  },
  "resources": [
    {
      "module": "module.alb[0]",
      "mode": "managed",
      "type": "aws_security_group",
      "name": "alb",
      "provider": "provider[\"registry.terraform.io/hashicorp/aws\"]",
      "instances": [
        {
          "schema_version": 1,
          "attributes": {
            "arn": "arn:aws:ec2:ap-northeast-1:370268778443:security-group/sg-051a2f93891c1c4aa",
            "description": "Security group for Application Load Balancer",
            "egress": [
              {
                "cidr_blocks": [
                  "0.0.0.0/0"
                ],
                "description": "Allow all outbound",
                "from_port": 0,
                "ipv6_cidr_blocks": [],
                "prefix_list_ids": [],
                "protocol": "-1",
                "security_groups": [],
                "self": false,
                "to_port": 0
              }
            ],
            "id": "sg-051a2f93891c1c4aa",
            "ingress": [
              {
                "cidr_blocks": [
                  "0.0.0.0/0"
                ],
                "description": "HTTP access",
                "from_port": 80,
                "ipv6_cidr_blocks": [],
                "prefix_list_ids": [],
                "protocol": "tcp",
                "security_groups": [],
                "self": false,
                "to_port": 80
              },
              {
                "cidr_blocks": [
                  "0.0.0.0/0"
                ],
                "description": "HTTPS access",
                "from_port": 443,
                "ipv6_cidr_blocks": [],
                "prefix_list_ids": [],
                "protocol": "tcp",
                "security_groups": [],
                "self": false,
                "to_port": 443
              }
            ],
            "name": "poc-alb-sg",
            "name_prefix": "",
            "owner_id": "370268778443",
            "revoke_rules_on_delete": false,
            "tags": {
              "Name": "poc-alb-sg"
            },
            "tags_all": {
              "CostCenter": "POC",
              "Environment": "poc",
              "ManagedBy": "Terraform",
              "Name": "poc-alb-sg",
              "Project": "ProductionManagement"
            },
            "timeouts": null,
            "vpc_id": "vpc-0185be77ca9ee1f15"
          },
          "sensitive_attributes": [],
          "identity_schema_version": 0,
          "private": "eyJlMmJmYjczMC1lY2FhLTExZTYtOGY4OC0zNDM2M2JjN2M0YzAiOnsiY3JlYXRlIjo2MDAwMDAwMDAwMDAsImRlbGV0ZSI6OTAwMDAwMDAwMDAwfSwic2NoZW1hX3ZlcnNpb24iOiIxIn0=",
          "dependencies": [
            "module.vpc.aws_vpc.main"
          ]
        }
      ]
    },
    {
      "module": "module.ec2",
      "mode": "data",
      "type": "aws_ami",
      "name": "amazon_linux",
      "provider": "provider[\"registry.terraform.io/hashicorp/aws\"]",
      "instances": [
        {
          "schema_version": 0,
          "attributes": {
            "architecture": "x86_64",
            "arn": "arn:aws:ec2:ap-northeast-1::image/ami-05919f09ae2eace69",
            "block_device_mappings": [
              {
                "device_name": "/dev/xvda",
                "ebs": {
                  "delete_on_termination": "true",
                  "encrypted": "false",
                  "iops": "3000",
                  "snapshot_id": "snap-0e5c8b9ac598d7ef6",
                  "throughput": "125",
                  "volume_initialization_rate": "0",
                  "volume_size": "30",
                  "volume_type": "gp3"
                },
                "no_device": "",
                "virtual_name": ""
              }
            ],
            "boot_mode": "uefi-preferred",
            "creation_date": "2025-10-28T23:38:54.000Z",
            "deprecation_time": "2027-10-28T23:38:54.000Z",
            "description": "Amazon Linux AMI 2023.0.20251027 x86_64 ECS HVM EBS",
            "ena_support": true,
            "executable_users": null,
            "filter": [
              {
                "name": "name",
                "values": [
                  "al2023-ami-*-x86_64"
                ]
              },
              {
                "name": "virtualization-type",
                "values": [
                  "hvm"
                ]
              }
            ],
            "hypervisor": "xen",
            "id": "ami-05919f09ae2eace69",
            "image_id": "ami-05919f09ae2eace69",
            "image_location": "amazon/al2023-ami-ecs-neuron-hvm-2023.0.20251027-kernel-6.1-x86_64",
            "image_owner_alias": "amazon",
            "image_type": "machine",
            "imds_support": "v2.0",
            "include_deprecated": false,
            "kernel_id": "",
            "last_launched_time": "",
            "most_recent": true,
            "name": "al2023-ami-ecs-neuron-hvm-2023.0.20251027-kernel-6.1-x86_64",
            "name_regex": null,
            "owner_id": "591542846629",
            "owners": [
              "amazon"
            ],
            "platform": "",
            "platform_details": "Linux/UNIX",
            "product_codes": [],
            "public": true,
            "ramdisk_id": "",
            "root_device_name": "/dev/xvda",
            "root_device_type": "ebs",
            "root_snapshot_id": "snap-0e5c8b9ac598d7ef6",
            "sriov_net_support": "simple",
            "state": "available",
            "state_reason": {
              "code": "UNSET",
              "message": "UNSET"
            },
            "tags": {},
            "timeouts": null,
            "tpm_support": "",
            "uefi_data": null,
            "usage_operation": "RunInstances",
            "virtualization_type": "hvm"
          },
          "sensitive_attributes": [],
          "identity_schema_version": 0
        }
      ]
    },
    {
      "module": "module.ec2",
      "mode": "managed",
      "type": "aws_eip",
      "name": "main",
      "provider": "provider[\"registry.terraform.io/hashicorp/aws\"]",
      "instances": [
        {
          "schema_version": 0,
          "attributes": {
            "address": null,
            "allocation_id": "eipalloc-0655c9f5261a11f29",
            "arn": "arn:aws:ec2:ap-northeast-1:370268778443:elastic-ip/eipalloc-0655c9f5261a11f29",
            "associate_with_private_ip": null,
            "association_id": "eipassoc-0e215966a3ad4f09d",
            "carrier_ip": "",
            "customer_owned_ip": "",
            "customer_owned_ipv4_pool": "",
            "domain": "vpc",
            "id": "eipalloc-0655c9f5261a11f29",
            "instance": "i-04a7fc17f1f074bb7",
            "ipam_pool_id": null,
            "network_border_group": "ap-northeast-1",
            "network_interface": "eni-01494c864932f2e73",
            "private_dns": "ip-10-0-1-172.ap-northeast-1.compute.internal",
            "private_ip": "10.0.1.172",
            "ptr_record": "",
            "public_dns": "ec2-57-180-82-161.ap-northeast-1.compute.amazonaws.com",
            "public_ip": "57.180.82.161",
            "public_ipv4_pool": "amazon",
            "tags": {
              "Name": "poc-eip"
            },
            "tags_all": {
              "CostCenter": "POC",
              "Environment": "poc",
              "ManagedBy": "Terraform",
              "Name": "poc-eip",
              "Project": "ProductionManagement"
            },
            "timeouts": null,
            "vpc": true
          },
          "sensitive_attributes": [],
          "identity_schema_version": 0,
          "private": "eyJlMmJmYjczMC1lY2FhLTExZTYtOGY4OC0zNDM2M2JjN2M0YzAiOnsiZGVsZXRlIjoxODAwMDAwMDAwMDAsInJlYWQiOjkwMDAwMDAwMDAwMCwidXBkYXRlIjozMDAwMDAwMDAwMDB9fQ==",
          "dependencies": [
            "module.alb.aws_security_group.alb",
            "module.ec2.aws_iam_instance_profile.ec2",
            "module.ec2.aws_iam_role.ec2",
            "module.ec2.aws_instance.main",
            "module.ec2.aws_security_group.ec2",
            "module.ec2.data.aws_ami.amazon_linux",
            "module.rds.aws_db_instance.postgresql",
            "module.rds.aws_db_parameter_group.postgresql",
            "module.rds.aws_db_subnet_group.main",
            "module.rds.aws_iam_role.rds_monitoring",
            "module.rds.aws_security_group.rds",
            "module.rds.aws_subnet.db_secondary",
            "module.rds.data.aws_availability_zones.available",
            "module.vpc.aws_subnet.public",
            "module.vpc.aws_vpc.main"
          ]
        }
      ]
    },
    {
      "module": "module.ec2",
      "mode": "managed",
      "type": "aws_iam_instance_profile",
      "name": "ec2",
      "provider": "provider[\"registry.terraform.io/hashicorp/aws\"]",
      "instances": [
        {
          "schema_version": 0,
          "attributes": {
            "arn": "arn:aws:iam::370268778443:instance-profile/poc-ec2-profile",
            "create_date": "2025-10-12T13:58:15Z",
            "id": "poc-ec2-profile",
            "name": "poc-ec2-profile",
            "name_prefix": "",
            "path": "/",
            "role": "poc-ec2-role",
            "tags": {},
            "tags_all": {
              "CostCenter": "POC",
              "Environment": "poc",
              "ManagedBy": "Terraform",
              "Project": "ProductionManagement"
            },
            "unique_id": "AIPAVMNN5F7FQJXGZBGHV"
          },
          "sensitive_attributes": [],
          "identity_schema_version": 0,
          "private": "bnVsbA==",
          "dependencies": [
            "module.ec2.aws_iam_role.ec2"
          ]
        }
      ]
    },
    {
      "module": "module.ec2",
      "mode": "managed",
      "type": "aws_iam_role",
      "name": "ec2",
      "provider": "provider[\"registry.terraform.io/hashicorp/aws\"]",
      "instances": [
        {
          "schema_version": 0,
          "attributes": {
            "arn": "arn:aws:iam::370268778443:role/poc-ec2-role",
            "assume_role_policy": "{\"Statement\":[{\"Action\":\"sts:AssumeRole\",\"Effect\":\"Allow\",\"Principal\":{\"Service\":\"ec2.amazonaws.com\"}}],\"Version\":\"2012-10-17\"}",
            "create_date": "2025-10-12T13:58:14Z",
            "description": "",
            "force_detach_policies": false,
            "id": "poc-ec2-role",
            "inline_policy": [],
            "managed_policy_arns": [
              "arn:aws:iam::aws:policy/AmazonSSMManagedInstanceCore",
              "arn:aws:iam::aws:policy/CloudWatchAgentServerPolicy"
            ],
            "max_session_duration": 3600,
            "name": "poc-ec2-role",
            "name_prefix": "",
            "path": "/",
            "permissions_boundary": "",
            "tags": {
              "Name": "poc-ec2-role"
            },
            "tags_all": {
              "CostCenter": "POC",
              "Environment": "poc",
              "ManagedBy": "Terraform",
              "Name": "poc-ec2-role",
              "Project": "ProductionManagement"
            },
            "unique_id": "AROAVMNN5F7FXIBBYV6UP"
          },
          "sensitive_attributes": [],
          "identity_schema_version": 0,
          "private": "bnVsbA=="
        }
      ]
    },
    {
      "module": "module.ec2",
      "mode": "managed",
      "type": "aws_iam_role_policy_attachment",
      "name": "cloudwatch",
      "provider": "provider[\"registry.terraform.io/hashicorp/aws\"]",
      "instances": [
        {
          "schema_version": 0,
          "attributes": {
            "id": "poc-ec2-role-20251012135815884200000003",
            "policy_arn": "arn:aws:iam::aws:policy/CloudWatchAgentServerPolicy",
            "role": "poc-ec2-role"
          },
          "sensitive_attributes": [],
          "identity_schema_version": 0,
          "private": "bnVsbA==",
          "dependencies": [
            "module.ec2.aws_iam_role.ec2"
          ]
        }
      ]
    },
    {
      "module": "module.ec2",
      "mode": "managed",
      "type": "aws_iam_role_policy_attachment",
      "name": "ssm",
      "provider": "provider[\"registry.terraform.io/hashicorp/aws\"]",
      "instances": [
        {
          "schema_version": 0,
          "attributes": {
            "id": "poc-ec2-role-20251012135815629300000002",
            "policy_arn": "arn:aws:iam::aws:policy/AmazonSSMManagedInstanceCore",
            "role": "poc-ec2-role"
          },
          "sensitive_attributes": [],
          "identity_schema_version": 0,
          "private": "bnVsbA==",
          "dependencies": [
            "module.ec2.aws_iam_role.ec2"
          ]
        }
      ]
    },
    {
      "module": "module.ec2",
      "mode": "managed",
      "type": "aws_instance",
      "name": "main",
      "provider": "provider[\"registry.terraform.io/hashicorp/aws\"]",
      "instances": [
        {
          "schema_version": 1,
          "attributes": {
            "ami": "ami-0244ef75e95122fd9",
            "arn": "arn:aws:ec2:ap-northeast-1:370268778443:instance/i-04a7fc17f1f074bb7",
            "associate_public_ip_address": true,
            "availability_zone": "ap-northeast-1a",
            "capacity_reservation_specification": [
              {
                "capacity_reservation_preference": "open",
                "capacity_reservation_target": []
              }
            ],
            "cpu_core_count": 1,
            "cpu_options": [
              {
                "amd_sev_snp": "",
                "core_count": 1,
                "threads_per_core": 2
              }
            ],
            "cpu_threads_per_core": 2,
            "credit_specification": [
              {
                "cpu_credits": "unlimited"
              }
            ],
            "disable_api_stop": false,
            "disable_api_termination": false,
            "ebs_block_device": [],
            "ebs_optimized": false,
            "enable_primary_ipv6": null,
            "enclave_options": [
              {
                "enabled": false
              }
            ],
            "ephemeral_block_device": [],
            "get_password_data": false,
            "hibernation": false,
            "host_id": "",
            "host_resource_group_arn": null,
            "iam_instance_profile": "poc-ec2-profile",
            "id": "i-04a7fc17f1f074bb7",
            "instance_initiated_shutdown_behavior": "stop",
            "instance_lifecycle": "",
            "instance_market_options": [],
            "instance_state": "running",
            "instance_type": "t3.micro",
            "ipv6_address_count": 0,
            "ipv6_addresses": [],
            "key_name": "production-management-key",
            "launch_template": [],
            "maintenance_options": [
              {
                "auto_recovery": "default"
              }
            ],
            "metadata_options": [
              {
                "http_endpoint": "enabled",
                "http_protocol_ipv6": "disabled",
                "http_put_response_hop_limit": 1,
                "http_tokens": "required",
                "instance_metadata_tags": "disabled"
              }
            ],
            "monitoring": false,
            "network_interface": [],
            "outpost_arn": "",
            "password_data": "",
            "placement_group": "",
            "placement_partition_number": 0,
            "primary_network_interface_id": "eni-01494c864932f2e73",
            "private_dns": "ip-10-0-1-172.ap-northeast-1.compute.internal",
            "private_dns_name_options": [
              {
                "enable_resource_name_dns_a_record": false,
                "enable_resource_name_dns_aaaa_record": false,
                "hostname_type": "ip-name"
              }
            ],
            "private_ip": "10.0.1.172",
            "public_dns": "ec2-57-180-82-161.ap-northeast-1.compute.amazonaws.com",
            "public_ip": "57.180.82.161",
            "root_block_device": [
              {
                "delete_on_termination": true,
                "device_name": "/dev/sda1",
                "encrypted": true,
                "iops": 3000,
                "kms_key_id": "arn:aws:kms:ap-northeast-1:370268778443:key/ae7b6328-b82a-41e7-a8ec-ffc795758ade",
                "tags": {},
                "tags_all": {},
                "throughput": 125,
                "volume_id": "vol-007c219541abb11a1",
                "volume_size": 30,
                "volume_type": "gp3"
              }
            ],
            "secondary_private_ips": [],
            "security_groups": [],
            "source_dest_check": true,
            "spot_instance_request_id": "",
            "subnet_id": "subnet-0a6b6661708877952",
            "tags": {
              "AutoStart": "true",
              "AutoStop": "true",
              "Environment": "poc",
              "Name": "poc-production-management"
            },
            "tags_all": {
              "AutoStart": "true",
              "AutoStop": "true",
              "CostCenter": "POC",
              "Environment": "poc",
              "ManagedBy": "Terraform",
              "Name": "poc-production-management",
              "Project": "ProductionManagement"
            },
            "tenancy": "default",
            "timeouts": null,
            "user_data": "603834639cbdaa10e2859b168d9e7127e0c0ffcf",
            "user_data_base64": null,
            "user_data_replace_on_change": false,
            "volume_tags": {
              "Environment": "poc",
              "Name": "poc-root-volume"
            },
            "vpc_security_group_ids": [
              "sg-0ad99ad720ffcfb72"
            ]
          },
          "sensitive_attributes": [
            [
              {
                "type": "get_attr",
                "value": "user_data"
              }
            ]
          ],
          "identity_schema_version": 0,
          "private": "eyJlMmJmYjczMC1lY2FhLTExZTYtOGY4OC0zNDM2M2JjN2M0YzAiOnsiY3JlYXRlIjo2MDAwMDAwMDAwMDAsImRlbGV0ZSI6MTIwMDAwMDAwMDAwMCwicmVhZCI6OTAwMDAwMDAwMDAwLCJ1cGRhdGUiOjYwMDAwMDAwMDAwMH0sInNjaGVtYV92ZXJzaW9uIjoiMSJ9",
          "dependencies": [
            "module.alb.aws_security_group.alb",
            "module.ec2.aws_iam_instance_profile.ec2",
            "module.ec2.aws_iam_role.ec2",
            "module.ec2.aws_security_group.ec2",
            "module.ec2.data.aws_ami.amazon_linux",
            "module.rds.aws_db_instance.postgresql",
            "module.rds.aws_db_parameter_group.postgresql",
            "module.rds.aws_db_subnet_group.main",
            "module.rds.aws_iam_role.rds_monitoring",
            "module.rds.aws_security_group.rds",
            "module.rds.aws_subnet.db_secondary",
            "module.rds.data.aws_availability_zones.available",
            "module.vpc.aws_subnet.public",
            "module.vpc.aws_vpc.main"
          ]
        }
      ]
    },
    {
      "module": "module.ec2",
      "mode": "managed",
      "type": "aws_security_group",
      "name": "ec2",
      "provider": "provider[\"registry.terraform.io/hashicorp/aws\"]",
      "instances": [
        {
          "schema_version": 1,
          "attributes": {
            "arn": "arn:aws:ec2:ap-northeast-1:370268778443:security-group/sg-0ad99ad720ffcfb72",
            "description": "Security group for Production Management EC2",
            "egress": [
              {
                "cidr_blocks": [
                  "0.0.0.0/0"
                ],
                "description": "Allow all outbound",
                "from_port": 0,
                "ipv6_cidr_blocks": [],
                "prefix_list_ids": [],
                "protocol": "-1",
                "security_groups": [],
                "self": false,
                "to_port": 0
              }
            ],
            "id": "sg-0ad99ad720ffcfb72",
            "ingress": [
              {
                "cidr_blocks": [
                  "0.0.0.0/0"
                ],
                "description": "SSH access",
                "from_port": 22,
                "ipv6_cidr_blocks": [],
                "prefix_list_ids": [],
                "protocol": "tcp",
                "security_groups": [],
                "self": false,
                "to_port": 22
              },
              {
                "cidr_blocks": [],
                "description": "HTTP from ALB",
                "from_port": 80,
                "ipv6_cidr_blocks": [],
                "prefix_list_ids": [],
                "protocol": "tcp",
                "security_groups": [
                  "sg-051a2f93891c1c4aa"
                ],
                "self": false,
                "to_port": 80
              },
              {
                "cidr_blocks": [],
                "description": "HTTPS from ALB",
                "from_port": 443,
                "ipv6_cidr_blocks": [],
                "prefix_list_ids": [],
                "protocol": "tcp",
                "security_groups": [
                  "sg-051a2f93891c1c4aa"
                ],
                "self": false,
                "to_port": 443
              }
            ],
            "name": "poc-ec2-sg",
            "name_prefix": "",
            "owner_id": "370268778443",
            "revoke_rules_on_delete": false,
            "tags": {
              "Name": "poc-ec2-sg"
            },
            "tags_all": {
              "CostCenter": "POC",
              "Environment": "poc",
              "ManagedBy": "Terraform",
              "Name": "poc-ec2-sg",
              "Project": "ProductionManagement"
            },
            "timeouts": null,
            "vpc_id": "vpc-0185be77ca9ee1f15"
          },
          "sensitive_attributes": [],
          "identity_schema_version": 0,
          "private": "eyJlMmJmYjczMC1lY2FhLTExZTYtOGY4OC0zNDM2M2JjN2M0YzAiOnsiY3JlYXRlIjo2MDAwMDAwMDAwMDAsImRlbGV0ZSI6OTAwMDAwMDAwMDAwfSwic2NoZW1hX3ZlcnNpb24iOiIxIn0=",
          "dependencies": [
            "module.alb.aws_security_group.alb",
            "module.vpc.aws_vpc.main"
          ]
        }
      ]
    },
    {
      "module": "module.gcp_documentai[0]",
      "mode": "data",
      "type": "google_project",
      "name": "project",
      "provider": "provider[\"registry.terraform.io/hashicorp/google\"]",
      "instances": [
        {
          "schema_version": 0,
          "attributes": {
            "auto_create_network": null,
            "billing_account": "011679-C094F7-95DD19",
            "deletion_policy": "DELETE",
            "effective_labels": {
              "generative-language": "enabled"
            },
            "folder_id": null,
            "id": "projects/577010681495",
            "labels": {
              "generative-language": "enabled"
            },
            "name": "My First Project",
            "number": "577010681495",
            "org_id": null,
            "project_id": "577010681495",
            "skip_delete": null,
            "terraform_labels": {
              "generative-language": "enabled"
            }
          },
          "sensitive_attributes": [],
          "identity_schema_version": 0
        }
      ]
    },
    {
      "module": "module.gcp_documentai[0]",
      "mode": "managed",
      "type": "google_project_iam_member",
      "name": "documentai_user",
      "provider": "provider[\"registry.terraform.io/hashicorp/google\"]",
      "instances": []
    },
    {
      "module": "module.gcp_documentai[0]",
      "mode": "managed",
      "type": "google_service_account",
      "name": "documentai_sa",
      "provider": "provider[\"registry.terraform.io/hashicorp/google\"]",
      "instances": []
    },
    {
      "module": "module.gcp_documentai[0]",
      "mode": "managed",
      "type": "google_service_account_key",
      "name": "documentai_key",
      "provider": "provider[\"registry.terraform.io/hashicorp/google\"]",
      "instances": []
    },
    {
      "module": "module.gcp_documentai[0]",
      "mode": "managed",
      "type": "local_file",
      "name": "documentai_key",
      "provider": "provider[\"registry.terraform.io/hashicorp/local\"]",
      "instances": []
    },
    {
      "module": "module.rds",
      "mode": "data",
      "type": "aws_availability_zones",
      "name": "available",
      "provider": "provider[\"registry.terraform.io/hashicorp/aws\"]",
      "instances": [
        {
          "schema_version": 0,
          "attributes": {
            "all_availability_zones": null,
            "exclude_names": null,
            "exclude_zone_ids": null,
            "filter": null,
            "group_names": [
              "ap-northeast-1-zg-1"
            ],
            "id": "ap-northeast-1",
            "names": [
              "ap-northeast-1a",
              "ap-northeast-1c",
              "ap-northeast-1d"
            ],
            "state": "available",
            "timeouts": null,
            "zone_ids": [
              "apne1-az4",
              "apne1-az1",
              "apne1-az2"
            ]
          },
          "sensitive_attributes": [],
          "identity_schema_version": 0
        }
      ]
    },
    {
      "module": "module.rds",
      "mode": "managed",
      "type": "aws_db_instance",
      "name": "postgresql",
      "provider": "provider[\"registry.terraform.io/hashicorp/aws\"]",
      "instances": [
        {
          "schema_version": 2,
          "attributes": {
            "address": "poc-production-db.cq2xwbsd3tni.ap-northeast-1.rds.amazonaws.com",
            "allocated_storage": 20,
            "allow_major_version_upgrade": null,
            "apply_immediately": false,
            "arn": "arn:aws:rds:ap-northeast-1:370268778443:db:poc-production-db",
            "auto_minor_version_upgrade": true,
            "availability_zone": "ap-northeast-1c",
            "backup_retention_period": 7,
            "backup_target": "region",
            "backup_window": "03:00-04:00",
            "blue_green_update": [],
            "ca_cert_identifier": "rds-ca-rsa2048-g1",
            "character_set_name": "",
            "copy_tags_to_snapshot": false,
            "custom_iam_instance_profile": "",
            "customer_owned_ip_enabled": false,
            "database_insights_mode": "standard",
            "db_name": "production_db",
            "db_subnet_group_name": "poc-db-subnet-group",
            "dedicated_log_volume": false,
            "delete_automated_backups": true,
            "deletion_protection": false,
            "domain": "",
            "domain_auth_secret_arn": "",
            "domain_dns_ips": [],
            "domain_fqdn": "",
            "domain_iam_role_name": "",
            "domain_ou": "",
            "enabled_cloudwatch_logs_exports": [
              "postgresql",
              "upgrade"
            ],
            "endpoint": "poc-production-db.cq2xwbsd3tni.ap-northeast-1.rds.amazonaws.com:5432",
            "engine": "postgres",
            "engine_lifecycle_support": "open-source-rds-extended-support",
            "engine_version": "15.14",
            "engine_version_actual": "15.14",
            "final_snapshot_identifier": "poc-final-snapshot-2025-11-03-2241",
            "hosted_zone_id": "Z24O6O9L7SGTNB",
            "iam_database_authentication_enabled": false,
            "id": "db-TXHOXTXEH3DXJCGZ2IIXXSPITI",
            "identifier": "poc-production-db",
            "identifier_prefix": "",
            "instance_class": "db.t3.micro",
            "iops": 3000,
            "kms_key_id": "arn:aws:kms:ap-northeast-1:370268778443:key/6ae7c154-47c6-4e16-b54f-04fd9873ca75",
            "latest_restorable_time": "2025-11-03T22:44:32Z",
            "license_model": "postgresql-license",
            "listener_endpoint": [],
            "maintenance_window": "mon:04:00-mon:05:00",
            "manage_master_user_password": null,
            "master_user_secret": [],
            "master_user_secret_kms_key_id": null,
            "max_allocated_storage": 50,
            "monitoring_interval": 60,
            "monitoring_role_arn": "arn:aws:iam::370268778443:role/poc-rds-monitoring-role",
            "multi_az": false,
            "nchar_character_set_name": "",
            "network_type": "IPV4",
            "option_group_name": "default:postgres-15",
            "parameter_group_name": "poc-postgresql15-params",
            "password": "ChangeThisPassword123!",
            "password_wo": null,
            "password_wo_version": null,
            "performance_insights_enabled": false,
            "performance_insights_kms_key_id": "",
            "performance_insights_retention_period": 0,
            "port": 5432,
            "publicly_accessible": false,
            "replica_mode": "",
            "replicas": [],
            "replicate_source_db": "",
            "resource_id": "db-TXHOXTXEH3DXJCGZ2IIXXSPITI",
            "restore_to_point_in_time": [],
            "s3_import": [],
            "skip_final_snapshot": true,
            "snapshot_identifier": null,
            "status": "available",
            "storage_encrypted": true,
            "storage_throughput": 125,
            "storage_type": "gp3",
            "tags": {
              "AutoStart": "true",
              "AutoStop": "true",
              "Environment": "poc",
              "Name": "poc-postgresql"
            },
            "tags_all": {
              "AutoStart": "true",
              "AutoStop": "true",
              "CostCenter": "POC",
              "Environment": "poc",
              "ManagedBy": "Terraform",
              "Name": "poc-postgresql",
              "Project": "ProductionManagement"
            },
            "timeouts": null,
            "timezone": "",
            "upgrade_storage_config": null,
            "username": "production_user",
            "vpc_security_group_ids": [
              "sg-02570f0ddef0c0669"
            ]
          },
          "sensitive_attributes": [
            [
              {
                "type": "get_attr",
                "value": "password"
              }
            ],
            [
              {
                "type": "get_attr",
                "value": "password_wo"
              }
            ]
          ],
          "identity_schema_version": 0,
          "private": "eyJlMmJmYjczMC1lY2FhLTExZTYtOGY4OC0zNDM2M2JjN2M0YzAiOnsiY3JlYXRlIjozMDAwMDAwMDAwMDAwLCJkZWxldGUiOjM2MDAwMDAwMDAwMDAsInVwZGF0ZSI6NDgwMDAwMDAwMDAwMH0sInNjaGVtYV92ZXJzaW9uIjoiMiJ9",
          "dependencies": [
            "module.alb.aws_security_group.alb",
            "module.ec2.aws_security_group.ec2",
            "module.rds.aws_db_parameter_group.postgresql",
            "module.rds.aws_db_subnet_group.main",
            "module.rds.aws_iam_role.rds_monitoring",
            "module.rds.aws_security_group.rds",
            "module.rds.aws_subnet.db_secondary",
            "module.rds.data.aws_availability_zones.available",
            "module.vpc.aws_subnet.public",
            "module.vpc.aws_vpc.main"
          ]
        }
      ]
    },
    {
      "module": "module.rds",
      "mode": "managed",
      "type": "aws_db_parameter_group",
      "name": "postgresql",
      "provider": "provider[\"registry.terraform.io/hashicorp/aws\"]",
      "instances": [
        {
          "schema_version": 0,
          "attributes": {
            "arn": "arn:aws:rds:ap-northeast-1:370268778443:pg:poc-postgresql15-params",
            "description": "Managed by Terraform",
            "family": "postgres15",
            "id": "poc-postgresql15-params",
            "name": "poc-postgresql15-params",
            "name_prefix": "",
            "parameter": [
              {
                "apply_method": "immediate",
                "name": "log_min_duration_statement",
                "value": "1000"
              },
              {
                "apply_method": "immediate",
                "name": "log_statement",
                "value": "all"
              },
              {
                "apply_method": "immediate",
                "name": "shared_preload_libraries",
                "value": "pg_stat_statements"
              }
            ],
            "skip_destroy": false,
            "tags": {
              "Name": "poc-postgresql-params"
            },
            "tags_all": {
              "CostCenter": "POC",
              "Environment": "poc",
              "ManagedBy": "Terraform",
              "Name": "poc-postgresql-params",
              "Project": "ProductionManagement"
            }
          },
          "sensitive_attributes": [],
          "identity_schema_version": 0,
          "private": "bnVsbA=="
        }
      ]
    },
    {
      "module": "module.rds",
      "mode": "managed",
      "type": "aws_db_subnet_group",
      "name": "main",
      "provider": "provider[\"registry.terraform.io/hashicorp/aws\"]",
      "instances": [
        {
          "schema_version": 0,
          "attributes": {
            "arn": "arn:aws:rds:ap-northeast-1:370268778443:subgrp:poc-db-subnet-group",
            "description": "Managed by Terraform",
            "id": "poc-db-subnet-group",
            "name": "poc-db-subnet-group",
            "name_prefix": "",
            "subnet_ids": [
              "subnet-09adca4bfbb00c8b7",
              "subnet-0a6b6661708877952"
            ],
            "supported_network_types": [
              "IPV4"
            ],
            "tags": {
              "Name": "poc-db-subnet-group"
            },
            "tags_all": {
              "CostCenter": "POC",
              "Environment": "poc",
              "ManagedBy": "Terraform",
              "Name": "poc-db-subnet-group",
              "Project": "ProductionManagement"
            },
            "vpc_id": "vpc-0185be77ca9ee1f15"
          },
          "sensitive_attributes": [],
          "identity_schema_version": 0,
          "private": "bnVsbA==",
          "dependencies": [
            "module.rds.aws_subnet.db_secondary",
            "module.rds.data.aws_availability_zones.available",
            "module.vpc.aws_subnet.public",
            "module.vpc.aws_vpc.main"
          ]
        }
      ]
    },
    {
      "module": "module.rds",
      "mode": "managed",
      "type": "aws_iam_role",
      "name": "rds_monitoring",
      "provider": "provider[\"registry.terraform.io/hashicorp/aws\"]",
      "instances": [
        {
          "schema_version": 0,
          "attributes": {
            "arn": "arn:aws:iam::370268778443:role/poc-rds-monitoring-role",
            "assume_role_policy": "{\"Statement\":[{\"Action\":\"sts:AssumeRole\",\"Effect\":\"Allow\",\"Principal\":{\"Service\":\"monitoring.rds.amazonaws.com\"}}],\"Version\":\"2012-10-17\"}",
            "create_date": "2025-10-12T13:58:14Z",
            "description": "",
            "force_detach_policies": false,
            "id": "poc-rds-monitoring-role",
            "inline_policy": [],
            "managed_policy_arns": [
              "arn:aws:iam::aws:policy/service-role/AmazonRDSEnhancedMonitoringRole"
            ],
            "max_session_duration": 3600,
            "name": "poc-rds-monitoring-role",
            "name_prefix": "",
            "path": "/",
            "permissions_boundary": "",
            "tags": {
              "Name": "poc-rds-monitoring-role"
            },
            "tags_all": {
              "CostCenter": "POC",
              "Environment": "poc",
              "ManagedBy": "Terraform",
              "Name": "poc-rds-monitoring-role",
              "Project": "ProductionManagement"
            },
            "unique_id": "AROAVMNN5F7FTWO4GJKQB"
          },
          "sensitive_attributes": [],
          "identity_schema_version": 0,
          "private": "bnVsbA=="
        }
      ]
    },
    {
      "module": "module.rds",
      "mode": "managed",
      "type": "aws_iam_role_policy_attachment",
      "name": "rds_monitoring",
      "provider": "provider[\"registry.terraform.io/hashicorp/aws\"]",
      "instances": [
        {
          "schema_version": 0,
          "attributes": {
            "id": "poc-rds-monitoring-role-20251012135815607600000001",
            "policy_arn": "arn:aws:iam::aws:policy/service-role/AmazonRDSEnhancedMonitoringRole",
            "role": "poc-rds-monitoring-role"
          },
          "sensitive_attributes": [],
          "identity_schema_version": 0,
          "private": "bnVsbA==",
          "dependencies": [
            "module.rds.aws_iam_role.rds_monitoring"
          ]
        }
      ]
    },
    {
      "module": "module.rds",
      "mode": "managed",
      "type": "aws_security_group",
      "name": "rds",
      "provider": "provider[\"registry.terraform.io/hashicorp/aws\"]",
      "instances": [
        {
          "schema_version": 1,
          "attributes": {
            "arn": "arn:aws:ec2:ap-northeast-1:370268778443:security-group/sg-02570f0ddef0c0669",
            "description": "Security group for RDS PostgreSQL",
            "egress": [
              {
                "cidr_blocks": [
                  "0.0.0.0/0"
                ],
                "description": "Allow all outbound",
                "from_port": 0,
                "ipv6_cidr_blocks": [],
                "prefix_list_ids": [],
                "protocol": "-1",
                "security_groups": [],
                "self": false,
                "to_port": 0
              }
            ],
            "id": "sg-02570f0ddef0c0669",
            "ingress": [
              {
                "cidr_blocks": [],
                "description": "PostgreSQL access from EC2",
                "from_port": 5432,
                "ipv6_cidr_blocks": [],
                "prefix_list_ids": [],
                "protocol": "tcp",
                "security_groups": [
                  "sg-0ad99ad720ffcfb72"
                ],
                "self": false,
                "to_port": 5432
              }
            ],
            "name": "poc-rds-sg",
            "name_prefix": "",
            "owner_id": "370268778443",
            "revoke_rules_on_delete": false,
            "tags": {
              "Name": "poc-rds-sg"
            },
            "tags_all": {
              "CostCenter": "POC",
              "Environment": "poc",
              "ManagedBy": "Terraform",
              "Name": "poc-rds-sg",
              "Project": "ProductionManagement"
            },
            "timeouts": null,
            "vpc_id": "vpc-0185be77ca9ee1f15"
          },
          "sensitive_attributes": [],
          "identity_schema_version": 0,
          "private": "eyJlMmJmYjczMC1lY2FhLTExZTYtOGY4OC0zNDM2M2JjN2M0YzAiOnsiY3JlYXRlIjo2MDAwMDAwMDAwMDAsImRlbGV0ZSI6OTAwMDAwMDAwMDAwfSwic2NoZW1hX3ZlcnNpb24iOiIxIn0=",
          "dependencies": [
            "module.alb.aws_security_group.alb",
            "module.ec2.aws_security_group.ec2",
            "module.vpc.aws_vpc.main"
          ]
        }
      ]
    },
    {
      "module": "module.rds",
      "mode": "managed",
      "type": "aws_subnet",
      "name": "db_secondary",
      "provider": "provider[\"registry.terraform.io/hashicorp/aws\"]",
      "instances": [
        {
          "schema_version": 1,
          "attributes": {
            "arn": "arn:aws:ec2:ap-northeast-1:370268778443:subnet/subnet-09adca4bfbb00c8b7",
            "assign_ipv6_address_on_creation": false,
            "availability_zone": "ap-northeast-1c",
            "availability_zone_id": "apne1-az1",
            "cidr_block": "10.0.2.0/24",
            "customer_owned_ipv4_pool": "",
            "enable_dns64": false,
            "enable_lni_at_device_index": 0,
            "enable_resource_name_dns_a_record_on_launch": false,
            "enable_resource_name_dns_aaaa_record_on_launch": false,
            "id": "subnet-09adca4bfbb00c8b7",
            "ipv6_cidr_block": "",
            "ipv6_cidr_block_association_id": "",
            "ipv6_native": false,
            "map_customer_owned_ip_on_launch": false,
            "map_public_ip_on_launch": false,
            "outpost_arn": "",
            "owner_id": "370268778443",
            "private_dns_hostname_type_on_launch": "ip-name",
            "tags": {
              "Name": "poc-db-secondary-subnet"
            },
            "tags_all": {
              "CostCenter": "POC",
              "Environment": "poc",
              "ManagedBy": "Terraform",
              "Name": "poc-db-secondary-subnet",
              "Project": "ProductionManagement"
            },
            "timeouts": null,
            "vpc_id": "vpc-0185be77ca9ee1f15"
          },
          "sensitive_attributes": [],
          "identity_schema_version": 0,
          "private": "eyJlMmJmYjczMC1lY2FhLTExZTYtOGY4OC0zNDM2M2JjN2M0YzAiOnsiY3JlYXRlIjo2MDAwMDAwMDAwMDAsImRlbGV0ZSI6MTIwMDAwMDAwMDAwMH0sInNjaGVtYV92ZXJzaW9uIjoiMSJ9",
          "dependencies": [
            "module.rds.data.aws_availability_zones.available",
            "module.vpc.aws_vpc.main"
          ]
        }
      ]
    },
    {
      "module": "module.scheduler",
      "mode": "managed",
      "type": "aws_cloudwatch_metric_alarm",
      "name": "ec2_running_time",
      "provider": "provider[\"registry.terraform.io/hashicorp/aws\"]",
      "instances": [
        {
          "index_key": 0,
          "schema_version": 1,
          "attributes": {
            "actions_enabled": true,
            "alarm_actions": [],
            "alarm_description": "Alert when EC2 instance is running outside scheduled hours",
            "alarm_name": "poc-ec2-running-time",
            "arn": "arn:aws:cloudwatch:ap-northeast-1:370268778443:alarm:poc-ec2-running-time",
            "comparison_operator": "GreaterThanThreshold",
            "datapoints_to_alarm": 0,
            "dimensions": {
              "InstanceId": "i-04a7fc17f1f074bb7"
            },
            "evaluate_low_sample_count_percentiles": "",
            "evaluation_periods": 1,
            "extended_statistic": "",
            "id": "poc-ec2-running-time",
            "insufficient_data_actions": [],
            "metric_name": "StatusCheckFailed",
            "metric_query": [],
            "namespace": "AWS/EC2",
            "ok_actions": [],
            "period": 3600,
            "statistic": "Sum",
            "tags": {
              "Name": "poc-ec2-running-alarm"
            },
            "tags_all": {
              "CostCenter": "POC",
              "Environment": "poc",
              "ManagedBy": "Terraform",
              "Name": "poc-ec2-running-alarm",
              "Project": "ProductionManagement"
            },
            "threshold": 0,
            "threshold_metric_id": "",
            "treat_missing_data": "notBreaching",
            "unit": ""
          },
          "sensitive_attributes": [],
          "identity_schema_version": 0,
          "private": "eyJzY2hlbWFfdmVyc2lvbiI6IjEifQ==",
          "dependencies": [
            "module.alb.aws_security_group.alb",
            "module.ec2.aws_iam_instance_profile.ec2",
            "module.ec2.aws_iam_role.ec2",
            "module.ec2.aws_instance.main",
            "module.ec2.aws_security_group.ec2",
            "module.ec2.data.aws_ami.amazon_linux",
            "module.rds.aws_db_instance.postgresql",
            "module.rds.aws_db_parameter_group.postgresql",
            "module.rds.aws_db_subnet_group.main",
            "module.rds.aws_iam_role.rds_monitoring",
            "module.rds.aws_security_group.rds",
            "module.rds.aws_subnet.db_secondary",
            "module.rds.data.aws_availability_zones.available",
            "module.vpc.aws_subnet.public",
            "module.vpc.aws_vpc.main"
          ]
        }
      ]
    },
    {
      "module": "module.scheduler",
      "mode": "managed",
      "type": "aws_iam_role",
      "name": "scheduler",
      "provider": "provider[\"registry.terraform.io/hashicorp/aws\"]",
      "instances": [
        {
          "index_key": 0,
          "schema_version": 0,
          "attributes": {
            "arn": "arn:aws:iam::370268778443:role/poc-scheduler-role",
            "assume_role_policy": "{\"Statement\":[{\"Action\":\"sts:AssumeRole\",\"Effect\":\"Allow\",\"Principal\":{\"Service\":\"scheduler.amazonaws.com\"}}],\"Version\":\"2012-10-17\"}",
            "create_date": "2025-10-12T13:58:14Z",
            "description": "",
            "force_detach_policies": false,
            "id": "poc-scheduler-role",
            "inline_policy": [
              {
                "name": "poc-scheduler-policy",
                "policy": "{\"Version\":\"2012-10-17\",\"Statement\":[{\"Action\":[\"ec2:StartInstances\",\"ec2:StopInstances\",\"ec2:DescribeInstances\"],\"Effect\":\"Allow\",\"Resource\":\"*\"},{\"Action\":[\"rds:StartDBInstance\",\"rds:StopDBInstance\",\"rds:DescribeDBInstances\"],\"Effect\":\"Allow\",\"Resource\":\"*\"}]}"
              }
            ],
            "managed_policy_arns": [],
            "max_session_duration": 3600,
            "name": "poc-scheduler-role",
            "name_prefix": "",
            "path": "/",
            "permissions_boundary": "",
            "tags": {
              "Name": "poc-scheduler-role"
            },
            "tags_all": {
              "CostCenter": "POC",
              "Environment": "poc",
              "ManagedBy": "Terraform",
              "Name": "poc-scheduler-role",
              "Project": "ProductionManagement"
            },
            "unique_id": "AROAVMNN5F7FYW4AX3P2X"
          },
          "sensitive_attributes": [],
          "identity_schema_version": 0,
          "private": "bnVsbA=="
        }
      ]
    },
    {
      "module": "module.scheduler",
      "mode": "managed",
      "type": "aws_iam_role_policy",
      "name": "scheduler",
      "provider": "provider[\"registry.terraform.io/hashicorp/aws\"]",
      "instances": [
        {
          "index_key": 0,
          "schema_version": 0,
          "attributes": {
            "id": "poc-scheduler-role:poc-scheduler-policy",
            "name": "poc-scheduler-policy",
            "name_prefix": "",
            "policy": "{\"Version\":\"2012-10-17\",\"Statement\":[{\"Action\":[\"ec2:StartInstances\",\"ec2:StopInstances\",\"ec2:DescribeInstances\"],\"Effect\":\"Allow\",\"Resource\":\"*\"},{\"Action\":[\"rds:StartDBInstance\",\"rds:StopDBInstance\",\"rds:DescribeDBInstances\"],\"Effect\":\"Allow\",\"Resource\":\"*\"}]}",
            "role": "poc-scheduler-role"
          },
          "sensitive_attributes": [],
          "identity_schema_version": 0,
          "private": "bnVsbA==",
          "dependencies": [
            "module.scheduler.aws_iam_role.scheduler"
          ]
        }
      ]
    },
    {
      "module": "module.scheduler",
      "mode": "managed",
      "type": "aws_scheduler_schedule",
      "name": "start_ec2",
      "provider": "provider[\"registry.terraform.io/hashicorp/aws\"]",
      "instances": [
        {
          "index_key": 0,
          "schema_version": 0,
          "attributes": {
            "arn": "arn:aws:scheduler:ap-northeast-1:370268778443:schedule/poc-schedule-group/poc-start-ec2",
            "description": "Start EC2 instance for production management system",
            "end_date": "",
            "flexible_time_window": [
              {
                "maximum_window_in_minutes": 0,
                "mode": "OFF"
              }
            ],
            "group_name": "poc-schedule-group",
            "id": "poc-schedule-group/poc-start-ec2",
            "kms_key_arn": "",
            "name": "poc-start-ec2",
            "name_prefix": "",
            "schedule_expression": "cron(0 0 ? * MON-FRI *)",
            "schedule_expression_timezone": "Asia/Tokyo",
            "start_date": "",
            "state": "ENABLED",
            "target": [
              {
                "arn": "arn:aws:scheduler:::aws-sdk:ec2:startInstances",
                "dead_letter_config": [],
                "ecs_parameters": [],
                "eventbridge_parameters": [],
                "input": "{\"InstanceIds\":[\"i-04a7fc17f1f074bb7\"]}",
                "kinesis_parameters": [],
                "retry_policy": [
                  {
                    "maximum_event_age_in_seconds": 86400,
                    "maximum_retry_attempts": 185
                  }
                ],
                "role_arn": "arn:aws:iam::370268778443:role/poc-scheduler-role",
                "sagemaker_pipeline_parameters": [],
                "sqs_parameters": []
              }
            ]
          },
          "sensitive_attributes": [],
          "identity_schema_version": 0,
          "private": "bnVsbA==",
          "dependencies": [
            "module.alb.aws_security_group.alb",
            "module.ec2.aws_iam_instance_profile.ec2",
            "module.ec2.aws_iam_role.ec2",
            "module.ec2.aws_instance.main",
            "module.ec2.aws_security_group.ec2",
            "module.ec2.data.aws_ami.amazon_linux",
            "module.rds.aws_db_instance.postgresql",
            "module.rds.aws_db_parameter_group.postgresql",
            "module.rds.aws_db_subnet_group.main",
            "module.rds.aws_iam_role.rds_monitoring",
            "module.rds.aws_security_group.rds",
            "module.rds.aws_subnet.db_secondary",
            "module.rds.data.aws_availability_zones.available",
            "module.scheduler.aws_iam_role.scheduler",
            "module.scheduler.aws_scheduler_schedule_group.main",
            "module.vpc.aws_subnet.public",
            "module.vpc.aws_vpc.main"
          ]
        }
      ]
    },
    {
      "module": "module.scheduler",
      "mode": "managed",
      "type": "aws_scheduler_schedule",
      "name": "start_rds",
      "provider": "provider[\"registry.terraform.io/hashicorp/aws\"]",
      "instances": [
        {
          "index_key": 0,
          "schema_version": 0,
          "attributes": {
            "arn": "arn:aws:scheduler:ap-northeast-1:370268778443:schedule/poc-schedule-group/poc-start-rds",
            "description": "Start RDS instance for production management system",
            "end_date": "",
            "flexible_time_window": [
              {
                "maximum_window_in_minutes": 0,
                "mode": "OFF"
              }
            ],
            "group_name": "poc-schedule-group",
            "id": "poc-schedule-group/poc-start-rds",
            "kms_key_arn": "",
            "name": "poc-start-rds",
            "name_prefix": "",
            "schedule_expression": "cron(0 0 ? * MON-FRI *)",
            "schedule_expression_timezone": "Asia/Tokyo",
            "start_date": "",
            "state": "ENABLED",
            "target": [
              {
                "arn": "arn:aws:scheduler:::aws-sdk:rds:startDBInstance",
                "dead_letter_config": [],
                "ecs_parameters": [],
                "eventbridge_parameters": [],
                "input": "{\"DbInstanceIdentifier\":\"db-TXHOXTXEH3DXJCGZ2IIXXSPITI\"}",
                "kinesis_parameters": [],
                "retry_policy": [
                  {
                    "maximum_event_age_in_seconds": 3600,
                    "maximum_retry_attempts": 3
                  }
                ],
                "role_arn": "arn:aws:iam::370268778443:role/poc-scheduler-role",
                "sagemaker_pipeline_parameters": [],
                "sqs_parameters": []
              }
            ]
          },
          "sensitive_attributes": [],
          "identity_schema_version": 0,
          "private": "bnVsbA==",
          "dependencies": [
            "module.alb.aws_security_group.alb",
            "module.ec2.aws_security_group.ec2",
            "module.rds.aws_db_instance.postgresql",
            "module.rds.aws_db_parameter_group.postgresql",
            "module.rds.aws_db_subnet_group.main",
            "module.rds.aws_iam_role.rds_monitoring",
            "module.rds.aws_security_group.rds",
            "module.rds.aws_subnet.db_secondary",
            "module.rds.data.aws_availability_zones.available",
            "module.scheduler.aws_iam_role.scheduler",
            "module.scheduler.aws_scheduler_schedule_group.main",
            "module.vpc.aws_subnet.public",
            "module.vpc.aws_vpc.main"
          ]
        }
      ]
    },
    {
      "module": "module.scheduler",
      "mode": "managed",
      "type": "aws_scheduler_schedule",
      "name": "stop_ec2",
      "provider": "provider[\"registry.terraform.io/hashicorp/aws\"]",
      "instances": [
        {
          "index_key": 0,
          "schema_version": 0,
          "attributes": {
            "arn": "arn:aws:scheduler:ap-northeast-1:370268778443:schedule/poc-schedule-group/poc-stop-ec2",
            "description": "Stop EC2 instance for production management system",
            "end_date": "",
            "flexible_time_window": [
              {
                "maximum_window_in_minutes": 0,
                "mode": "OFF"
              }
            ],
            "group_name": "poc-schedule-group",
            "id": "poc-schedule-group/poc-stop-ec2",
            "kms_key_arn": "",
            "name": "poc-stop-ec2",
            "name_prefix": "",
            "schedule_expression": "cron(0 10 ? * MON-FRI *)",
            "schedule_expression_timezone": "Asia/Tokyo",
            "start_date": "",
            "state": "ENABLED",
            "target": [
              {
                "arn": "arn:aws:scheduler:::aws-sdk:ec2:stopInstances",
                "dead_letter_config": [],
                "ecs_parameters": [],
                "eventbridge_parameters": [],
                "input": "{\"InstanceIds\":[\"i-04a7fc17f1f074bb7\"]}",
                "kinesis_parameters": [],
                "retry_policy": [
                  {
                    "maximum_event_age_in_seconds": 86400,
                    "maximum_retry_attempts": 185
                  }
                ],
                "role_arn": "arn:aws:iam::370268778443:role/poc-scheduler-role",
                "sagemaker_pipeline_parameters": [],
                "sqs_parameters": []
              }
            ]
          },
          "sensitive_attributes": [],
          "identity_schema_version": 0,
          "private": "bnVsbA==",
          "dependencies": [
            "module.alb.aws_security_group.alb",
            "module.ec2.aws_iam_instance_profile.ec2",
            "module.ec2.aws_iam_role.ec2",
            "module.ec2.aws_instance.main",
            "module.ec2.aws_security_group.ec2",
            "module.ec2.data.aws_ami.amazon_linux",
            "module.rds.aws_db_instance.postgresql",
            "module.rds.aws_db_parameter_group.postgresql",
            "module.rds.aws_db_subnet_group.main",
            "module.rds.aws_iam_role.rds_monitoring",
            "module.rds.aws_security_group.rds",
            "module.rds.aws_subnet.db_secondary",
            "module.rds.data.aws_availability_zones.available",
            "module.scheduler.aws_iam_role.scheduler",
            "module.scheduler.aws_scheduler_schedule_group.main",
            "module.vpc.aws_subnet.public",
            "module.vpc.aws_vpc.main"
          ]
        }
      ]
    },
    {
      "module": "module.scheduler",
      "mode": "managed",
      "type": "aws_scheduler_schedule",
      "name": "stop_rds",
      "provider": "provider[\"registry.terraform.io/hashicorp/aws\"]",
      "instances": [
        {
          "index_key": 0,
          "schema_version": 0,
          "attributes": {
            "arn": "arn:aws:scheduler:ap-northeast-1:370268778443:schedule/poc-schedule-group/poc-stop-rds",
            "description": "Stop RDS instance for production management system",
            "end_date": "",
            "flexible_time_window": [
              {
                "maximum_window_in_minutes": 0,
                "mode": "OFF"
              }
            ],
            "group_name": "poc-schedule-group",
            "id": "poc-schedule-group/poc-stop-rds",
            "kms_key_arn": "",
            "name": "poc-stop-rds",
            "name_prefix": "",
            "schedule_expression": "cron(0 10 ? * MON-FRI *)",
            "schedule_expression_timezone": "Asia/Tokyo",
            "start_date": "",
            "state": "ENABLED",
            "target": [
              {
                "arn": "arn:aws:scheduler:::aws-sdk:rds:stopDBInstance",
                "dead_letter_config": [],
                "ecs_parameters": [],
                "eventbridge_parameters": [],
                "input": "{\"DbInstanceIdentifier\":\"db-TXHOXTXEH3DXJCGZ2IIXXSPITI\"}",
                "kinesis_parameters": [],
                "retry_policy": [
                  {
                    "maximum_event_age_in_seconds": 3600,
                    "maximum_retry_attempts": 3
                  }
                ],
                "role_arn": "arn:aws:iam::370268778443:role/poc-scheduler-role",
                "sagemaker_pipeline_parameters": [],
                "sqs_parameters": []
              }
            ]
          },
          "sensitive_attributes": [],
          "identity_schema_version": 0,
          "private": "bnVsbA==",
          "dependencies": [
            "module.alb.aws_security_group.alb",
            "module.ec2.aws_security_group.ec2",
            "module.rds.aws_db_instance.postgresql",
            "module.rds.aws_db_parameter_group.postgresql",
            "module.rds.aws_db_subnet_group.main",
            "module.rds.aws_iam_role.rds_monitoring",
            "module.rds.aws_security_group.rds",
            "module.rds.aws_subnet.db_secondary",
            "module.rds.data.aws_availability_zones.available",
            "module.scheduler.aws_iam_role.scheduler",
            "module.scheduler.aws_scheduler_schedule_group.main",
            "module.vpc.aws_subnet.public",
            "module.vpc.aws_vpc.main"
          ]
        }
      ]
    },
    {
      "module": "module.scheduler",
      "mode": "managed",
      "type": "aws_scheduler_schedule_group",
      "name": "main",
      "provider": "provider[\"registry.terraform.io/hashicorp/aws\"]",
      "instances": [
        {
          "index_key": 0,
          "schema_version": 0,
          "attributes": {
            "arn": "arn:aws:scheduler:ap-northeast-1:370268778443:schedule-group/poc-schedule-group",
            "creation_date": "2025-10-12T13:58:13Z",
            "id": "poc-schedule-group",
            "last_modification_date": "2025-10-12T13:58:13Z",
            "name": "poc-schedule-group",
            "name_prefix": "",
            "state": "ACTIVE",
            "tags": {
              "Name": "poc-schedule-group"
            },
            "tags_all": {
              "CostCenter": "POC",
              "Environment": "poc",
              "ManagedBy": "Terraform",
              "Name": "poc-schedule-group",
              "Project": "ProductionManagement"
            },
            "timeouts": null
          },
          "sensitive_attributes": [],
          "identity_schema_version": 0,
          "private": "eyJlMmJmYjczMC1lY2FhLTExZTYtOGY4OC0zNDM2M2JjN2M0YzAiOnsiY3JlYXRlIjozMDAwMDAwMDAwMDAsImRlbGV0ZSI6MzAwMDAwMDAwMDAwfX0="
        }
      ]
    },
    {
      "module": "module.vpc",
      "mode": "managed",
      "type": "aws_internet_gateway",
      "name": "main",
      "provider": "provider[\"registry.terraform.io/hashicorp/aws\"]",
      "instances": [
        {
          "schema_version": 0,
          "attributes": {
            "arn": "arn:aws:ec2:ap-northeast-1:370268778443:internet-gateway/igw-05c97426a0079bbce",
            "id": "igw-05c97426a0079bbce",
            "owner_id": "370268778443",
            "tags": {
              "Name": "poc-igw"
            },
            "tags_all": {
              "CostCenter": "POC",
              "Environment": "poc",
              "ManagedBy": "Terraform",
              "Name": "poc-igw",
              "Project": "ProductionManagement"
            },
            "timeouts": null,
            "vpc_id": "vpc-0185be77ca9ee1f15"
          },
          "sensitive_attributes": [],
          "identity_schema_version": 0,
          "private": "eyJlMmJmYjczMC1lY2FhLTExZTYtOGY4OC0zNDM2M2JjN2M0YzAiOnsiY3JlYXRlIjoxMjAwMDAwMDAwMDAwLCJkZWxldGUiOjEyMDAwMDAwMDAwMDAsInVwZGF0ZSI6MTIwMDAwMDAwMDAwMH19",
          "dependencies": [
            "module.vpc.aws_vpc.main"
          ]
        }
      ]
    },
    {
      "module": "module.vpc",
      "mode": "managed",
      "type": "aws_route_table",
      "name": "public",
      "provider": "provider[\"registry.terraform.io/hashicorp/aws\"]",
      "instances": [
        {
          "schema_version": 0,
          "attributes": {
            "arn": "arn:aws:ec2:ap-northeast-1:370268778443:route-table/rtb-06fe50dc8b4bfcc58",
            "id": "rtb-06fe50dc8b4bfcc58",
            "owner_id": "370268778443",
            "propagating_vgws": [],
            "route": [
              {
                "carrier_gateway_id": "",
                "cidr_block": "0.0.0.0/0",
                "core_network_arn": "",
                "destination_prefix_list_id": "",
                "egress_only_gateway_id": "",
                "gateway_id": "igw-05c97426a0079bbce",
                "ipv6_cidr_block": "",
                "local_gateway_id": "",
                "nat_gateway_id": "",
                "network_interface_id": "",
                "transit_gateway_id": "",
                "vpc_endpoint_id": "",
                "vpc_peering_connection_id": ""
              }
            ],
            "tags": {
              "Name": "poc-public-rt"
            },
            "tags_all": {
              "CostCenter": "POC",
              "Environment": "poc",
              "ManagedBy": "Terraform",
              "Name": "poc-public-rt",
              "Project": "ProductionManagement"
            },
            "timeouts": null,
            "vpc_id": "vpc-0185be77ca9ee1f15"
          },
          "sensitive_attributes": [],
          "identity_schema_version": 0,
          "private": "eyJlMmJmYjczMC1lY2FhLTExZTYtOGY4OC0zNDM2M2JjN2M0YzAiOnsiY3JlYXRlIjozMDAwMDAwMDAwMDAsImRlbGV0ZSI6MzAwMDAwMDAwMDAwLCJ1cGRhdGUiOjEyMDAwMDAwMDAwMH19",
          "dependencies": [
            "module.vpc.aws_internet_gateway.main",
            "module.vpc.aws_vpc.main"
          ]
        }
      ]
    },
    {
      "module": "module.vpc",
      "mode": "managed",
      "type": "aws_route_table_association",
      "name": "public",
      "provider": "provider[\"registry.terraform.io/hashicorp/aws\"]",
      "instances": [
        {
          "index_key": 0,
          "schema_version": 0,
          "attributes": {
            "gateway_id": "",
            "id": "rtbassoc-00aa93fed73887980",
            "route_table_id": "rtb-06fe50dc8b4bfcc58",
            "subnet_id": "subnet-0a6b6661708877952",
            "timeouts": null
          },
          "sensitive_attributes": [],
          "identity_schema_version": 0,
          "private": "eyJlMmJmYjczMC1lY2FhLTExZTYtOGY4OC0zNDM2M2JjN2M0YzAiOnsiY3JlYXRlIjozMDAwMDAwMDAwMDAsImRlbGV0ZSI6MzAwMDAwMDAwMDAwLCJ1cGRhdGUiOjEyMDAwMDAwMDAwMH19",
          "dependencies": [
            "module.vpc.aws_internet_gateway.main",
            "module.vpc.aws_route_table.public",
            "module.vpc.aws_subnet.public",
            "module.vpc.aws_vpc.main"
          ]
        },
        {
          "index_key": 1,
          "schema_version": 0,
          "attributes": {
            "gateway_id": "",
            "id": "rtbassoc-0788dde31bff58e50",
            "route_table_id": "rtb-06fe50dc8b4bfcc58",
            "subnet_id": "subnet-0e90f68107dbd6442",
            "timeouts": null
          },
          "sensitive_attributes": [],
          "identity_schema_version": 0,
          "private": "eyJlMmJmYjczMC1lY2FhLTExZTYtOGY4OC0zNDM2M2JjN2M0YzAiOnsiY3JlYXRlIjozMDAwMDAwMDAwMDAsImRlbGV0ZSI6MzAwMDAwMDAwMDAwLCJ1cGRhdGUiOjEyMDAwMDAwMDAwMH19",
          "dependencies": [
            "module.vpc.aws_internet_gateway.main",
            "module.vpc.aws_route_table.public",
            "module.vpc.aws_subnet.public",
            "module.vpc.aws_vpc.main"
          ]
        }
      ]
    },
    {
      "module": "module.vpc",
      "mode": "managed",
      "type": "aws_subnet",
      "name": "public",
      "provider": "provider[\"registry.terraform.io/hashicorp/aws\"]",
      "instances": [
        {
          "index_key": 0,
          "schema_version": 1,
          "attributes": {
            "arn": "arn:aws:ec2:ap-northeast-1:370268778443:subnet/subnet-0a6b6661708877952",
            "assign_ipv6_address_on_creation": false,
            "availability_zone": "ap-northeast-1a",
            "availability_zone_id": "apne1-az4",
            "cidr_block": "10.0.1.0/24",
            "customer_owned_ipv4_pool": "",
            "enable_dns64": false,
            "enable_lni_at_device_index": 0,
            "enable_resource_name_dns_a_record_on_launch": false,
            "enable_resource_name_dns_aaaa_record_on_launch": false,
            "id": "subnet-0a6b6661708877952",
            "ipv6_cidr_block": "",
            "ipv6_cidr_block_association_id": "",
            "ipv6_native": false,
            "map_customer_owned_ip_on_launch": false,
            "map_public_ip_on_launch": true,
            "outpost_arn": "",
            "owner_id": "370268778443",
            "private_dns_hostname_type_on_launch": "ip-name",
            "tags": {
              "Name": "poc-public-subnet-1",
              "Tier": "Public"
            },
            "tags_all": {
              "CostCenter": "POC",
              "Environment": "poc",
              "ManagedBy": "Terraform",
              "Name": "poc-public-subnet-1",
              "Project": "ProductionManagement",
              "Tier": "Public"
            },
            "timeouts": null,
            "vpc_id": "vpc-0185be77ca9ee1f15"
          },
          "sensitive_attributes": [],
          "identity_schema_version": 0,
          "private": "eyJlMmJmYjczMC1lY2FhLTExZTYtOGY4OC0zNDM2M2JjN2M0YzAiOnsiY3JlYXRlIjo2MDAwMDAwMDAwMDAsImRlbGV0ZSI6MTIwMDAwMDAwMDAwMH0sInNjaGVtYV92ZXJzaW9uIjoiMSJ9",
          "dependencies": [
            "module.vpc.aws_vpc.main"
          ]
        },
        {
          "index_key": 1,
          "schema_version": 1,
          "attributes": {
            "arn": "arn:aws:ec2:ap-northeast-1:370268778443:subnet/subnet-0e90f68107dbd6442",
            "assign_ipv6_address_on_creation": false,
            "availability_zone": "ap-northeast-1c",
            "availability_zone_id": "apne1-az1",
            "cidr_block": "10.0.3.0/24",
            "customer_owned_ipv4_pool": "",
            "enable_dns64": false,
            "enable_lni_at_device_index": 0,
            "enable_resource_name_dns_a_record_on_launch": false,
            "enable_resource_name_dns_aaaa_record_on_launch": false,
            "id": "subnet-0e90f68107dbd6442",
            "ipv6_cidr_block": "",
            "ipv6_cidr_block_association_id": "",
            "ipv6_native": false,
            "map_customer_owned_ip_on_launch": false,
            "map_public_ip_on_launch": true,
            "outpost_arn": "",
            "owner_id": "370268778443",
            "private_dns_hostname_type_on_launch": "ip-name",
            "tags": {
              "Name": "poc-public-subnet-2",
              "Tier": "Public"
            },
            "tags_all": {
              "CostCenter": "POC",
              "Environment": "poc",
              "ManagedBy": "Terraform",
              "Name": "poc-public-subnet-2",
              "Project": "ProductionManagement",
              "Tier": "Public"
            },
            "timeouts": null,
            "vpc_id": "vpc-0185be77ca9ee1f15"
          },
          "sensitive_attributes": [],
          "identity_schema_version": 0,
          "private": "eyJlMmJmYjczMC1lY2FhLTExZTYtOGY4OC0zNDM2M2JjN2M0YzAiOnsiY3JlYXRlIjo2MDAwMDAwMDAwMDAsImRlbGV0ZSI6MTIwMDAwMDAwMDAwMH0sInNjaGVtYV92ZXJzaW9uIjoiMSJ9",
          "dependencies": [
            "module.vpc.aws_vpc.main"
          ]
        }
      ]
    },
    {
      "module": "module.vpc",
      "mode": "managed",
      "type": "aws_vpc",
      "name": "main",
      "provider": "provider[\"registry.terraform.io/hashicorp/aws\"]",
      "instances": [
        {
          "schema_version": 1,
          "attributes": {
            "arn": "arn:aws:ec2:ap-northeast-1:370268778443:vpc/vpc-0185be77ca9ee1f15",
            "assign_generated_ipv6_cidr_block": false,
            "cidr_block": "10.0.0.0/16",
            "default_network_acl_id": "acl-0cb26d59f1e55a924",
            "default_route_table_id": "rtb-0f247d168e3114585",
            "default_security_group_id": "sg-0c3f87c106365020a",
            "dhcp_options_id": "dopt-1eb8a87c",
            "enable_dns_hostnames": true,
            "enable_dns_support": true,
            "enable_network_address_usage_metrics": false,
            "id": "vpc-0185be77ca9ee1f15",
            "instance_tenancy": "default",
            "ipv4_ipam_pool_id": null,
            "ipv4_netmask_length": null,
            "ipv6_association_id": "",
            "ipv6_cidr_block": "",
            "ipv6_cidr_block_network_border_group": "",
            "ipv6_ipam_pool_id": "",
            "ipv6_netmask_length": 0,
            "main_route_table_id": "rtb-0f247d168e3114585",
            "owner_id": "370268778443",
            "tags": {
              "Name": "poc-vpc"
            },
            "tags_all": {
              "CostCenter": "POC",
              "Environment": "poc",
              "ManagedBy": "Terraform",
              "Name": "poc-vpc",
              "Project": "ProductionManagement"
            }
          },
          "sensitive_attributes": [],
          "identity_schema_version": 0,
          "private": "eyJzY2hlbWFfdmVyc2lvbiI6IjEifQ=="
        }
      ]
    }
  ],
  "check_results": null
}
